schema: '2.0'
stages:
  data_ingestion:
    cmd: python src/data/data_ingestion.py
    deps:
    - path: src/data/data_ingestion.py
      hash: md5
      md5: e23f87e7ae0762c78f09dbb3f2c6c025
      size: 4332
    params:
      params.yaml:
        data_ingestion.test_size: 0.2
    outs:
    - path: data/raw
      hash: md5
      md5: e13bcce40396cd334c8a7a334868166a.dir
      size: 6919701
      nfiles: 2
  data_preprocessing:
    cmd: python src/data/data_preprocessing.py
    deps:
    - path: data/raw
      hash: md5
      md5: e13bcce40396cd334c8a7a334868166a.dir
      size: 6919701
      nfiles: 2
    - path: src/data/data_preprocessing.py
      hash: md5
      md5: 72ab680d346fb2c6543130ac26f90dd4
      size: 3856
    outs:
    - path: data/interim
      hash: md5
      md5: ba42408e7bd1e85685474d6a349ae57e.dir
      size: 5134850
      nfiles: 2
  feature_engineering:
    cmd: python src/features/feature_engineering.py
    deps:
    - path: data/interim
      hash: md5
      md5: ba42408e7bd1e85685474d6a349ae57e.dir
      size: 5134850
      nfiles: 2
    - path: src/features/feature_engineering.py
      hash: md5
      md5: c6be262bd98570f6f9c7db6fc6446e66
      size: 1510
    outs:
    - path: data/processed
      hash: md5
      md5: 8cf28cb3c02eafdf2380b2ad74fc33cd.dir
      size: 8818658
      nfiles: 2
  model_building:
    cmd: python src/model/model_building.py
    deps:
    - path: data/processed
      hash: md5
      md5: 8cf28cb3c02eafdf2380b2ad74fc33cd.dir
      size: 8818658
      nfiles: 2
    - path: src/model/model_building.py
      hash: md5
      md5: 62c0192a887912c7f38eb1a1b5ea0968
      size: 5133
    outs:
    - path: models/model.pkl
      hash: md5
      md5: c0212065d813fb2d55d1cead077d0f1d
      size: 389120
  model_evaluation:
    cmd: python src/model/model_evaluation.py
    deps:
    - path: models/model.pkl
      hash: md5
      md5: c0212065d813fb2d55d1cead077d0f1d
      size: 389120
    - path: src/model/model_evaluation.py
      hash: md5
      md5: 9135f19a50a8ab7199be0149daea335b
      size: 1270
    outs:
    - path: metrics_.json
      hash: md5
      md5: ffbf11c01220749f1c4bb3c6566586d3
      size: 149
